// !$*UTF8*$!
{
	archiveVersion = 1;
	classes = {
	};
	objectVersion = 50;
	objects = {

/* Begin PBXBuildFile section */
		1E678EFB2260E3D400175F42 /* AppDelegate.swift in Sources */ = {isa = PBXBuildFile; fileRef = 1E678EFA2260E3D400175F42 /* AppDelegate.swift */; };
		1E678EFD2260E3D400175F42 /* ViewController.swift in Sources */ = {isa = PBXBuildFile; fileRef = 1E678EFC2260E3D400175F42 /* ViewController.swift */; };
		1E678F002260E3D400175F42 /* Main.storyboard in Resources */ = {isa = PBXBuildFile; fileRef = 1E678EFE2260E3D400175F42 /* Main.storyboard */; };
		1E678F022260E3D700175F42 /* Assets.xcassets in Resources */ = {isa = PBXBuildFile; fileRef = 1E678F012260E3D700175F42 /* Assets.xcassets */; };
		1E678F052260E3D700175F42 /* LaunchScreen.storyboard in Resources */ = {isa = PBXBuildFile; fileRef = 1E678F032260E3D700175F42 /* LaunchScreen.storyboard */; };
		1E678F112260E60000175F42 /* CustomCellView.swift in Sources */ = {isa = PBXBuildFile; fileRef = 1E678F102260E60000175F42 /* CustomCellView.swift */; };
		1E678F132260E61900175F42 /* CustomCellView.xib in Resources */ = {isa = PBXBuildFile; fileRef = 1E678F122260E61900175F42 /* CustomCellView.xib */; };
		1E678F172260EDC900175F42 /* Movie.swift in Sources */ = {isa = PBXBuildFile; fileRef = 1E678F162260EDC900175F42 /* Movie.swift */; };
		1EAF2CA7227F0688001AE5CC /* SpinnerController.swift in Sources */ = {isa = PBXBuildFile; fileRef = 1EAF2CA6227F0688001AE5CC /* SpinnerController.swift */; };
		EDB65CDCC0CCBF4C9521D7F6 /* Pods_TrailerApp500729493.framework in Frameworks */ = {isa = PBXBuildFile; fileRef = 53D0EEEA5AE46BA2F67125C7 /* Pods_TrailerApp500729493.framework */; };
/* End PBXBuildFile section */

/* Begin PBXFileReference section */
		010C9702BBAD866777F06318 /* Pods-TrailerApp500729493.debug.xcconfig */ = {isa = PBXFileReference; includeInIndex = 1; lastKnownFileType = text.xcconfig; name = "Pods-TrailerApp500729493.debug.xcconfig"; path = "Target Support Files/Pods-TrailerApp500729493/Pods-TrailerApp500729493.debug.xcconfig"; sourceTree = "<group>"; };
		1E678EF72260E3D400175F42 /* TrailerApp500729493.app */ = {isa = PBXFileReference; explicitFileType = wrapper.application; includeInIndex = 0; path = TrailerApp500729493.app; sourceTree = BUILT_PRODUCTS_DIR; };
		1E678EFA2260E3D400175F42 /* AppDelegate.swift */ = {isa = PBXFileReference; lastKnownFileType = sourcecode.swift; path = AppDelegate.swift; sourceTree = "<group>"; };
		1E678EFC2260E3D400175F42 /* ViewController.swift */ = {isa = PBXFileReference; lastKnownFileType = sourcecode.swift; path = ViewController.swift; sourceTree = "<group>"; };
		1E678EFF2260E3D400175F42 /* Base */ = {isa = PBXFileReference; lastKnownFileType = file.storyboard; name = Base; path = Base.lproj/Main.storyboard; sourceTree = "<group>"; };
		1E678F012260E3D700175F42 /* Assets.xcassets */ = {isa = PBXFileReference; lastKnownFileType = folder.assetcatalog; path = Assets.xcassets; sourceTree = "<group>"; };
		1E678F042260E3D700175F42 /* Base */ = {isa = PBXFileReference; lastKnownFileType = file.storyboard; name = Base; path = Base.lproj/LaunchScreen.storyboard; sourceTree = "<group>"; };
		1E678F062260E3D700175F42 /* Info.plist */ = {isa = PBXFileReference; lastKnownFileType = text.plist.xml; path = Info.plist; sourceTree = "<group>"; };
		1E678F102260E60000175F42 /* CustomCellView.swift */ = {isa = PBXFileReference; lastKnownFileType = sourcecode.swift; path = CustomCellView.swift; sourceTree = "<group>"; };
		1E678F122260E61900175F42 /* CustomCellView.xib */ = {isa = PBXFileReference; lastKnownFileType = file.xib; path = CustomCellView.xib; sourceTree = "<group>"; };
		1E678F162260EDC900175F42 /* Movie.swift */ = {isa = PBXFileReference; lastKnownFileType = sourcecode.swift; path = Movie.swift; sourceTree = "<group>"; };
		1EAF2CA6227F0688001AE5CC /* SpinnerController.swift */ = {isa = PBXFileReference; lastKnownFileType = sourcecode.swift; path = SpinnerController.swift; sourceTree = "<group>"; };
		53D0EEEA5AE46BA2F67125C7 /* Pods_TrailerApp500729493.framework */ = {isa = PBXFileReference; explicitFileType = wrapper.framework; includeInIndex = 0; path = Pods_TrailerApp500729493.framework; sourceTree = BUILT_PRODUCTS_DIR; };
		9137BD1BACE05ECB30A5EDFE /* Pods-TrailerApp500729493.release.xcconfig */ = {isa = PBXFileReference; includeInIndex = 1; lastKnownFileType = text.xcconfig; name = "Pods-TrailerApp500729493.release.xcconfig"; path = "Target Support Files/Pods-TrailerApp500729493/Pods-TrailerApp500729493.release.xcconfig"; sourceTree = "<group>"; };
/* End PBXFileReference section */

/* Begin PBXFrameworksBuildPhase section */
		1E678EF42260E3D400175F42 /* Frameworks */ = {
			isa = PBXFrameworksBuildPhase;
			buildActionMask = 2147483647;
			files = (
				EDB65CDCC0CCBF4C9521D7F6 /* Pods_TrailerApp500729493.framework in Frameworks */,
			);
			runOnlyForDeploymentPostprocessing = 0;
		};
/* End PBXFrameworksBuildPhase section */

/* Begin PBXGroup section */
		1E678EEE2260E3D400175F42 = {
			isa = PBXGroup;
			children = (
				1E678EF92260E3D400175F42 /* TrailerApp500729493 */,
				1E678EF82260E3D400175F42 /* Products */,
				6446F62475FF649D0AA2A7CC /* Pods */,
				D47F7671CB5C6D1F1972AC97 /* Frameworks */,
			);
			sourceTree = "<group>";
		};
		1E678EF82260E3D400175F42 /* Products */ = {
			isa = PBXGroup;
			children = (
				1E678EF72260E3D400175F42 /* TrailerApp500729493.app */,
			);
			name = Products;
			sourceTree = "<group>";
		};
		1E678EF92260E3D400175F42 /* TrailerApp500729493 */ = {
			isa = PBXGroup;
			children = (
				1E678F0E2260E4C900175F42 /* Controllers */,
				1E678F0D2260E4C200175F42 /* Views */,
				1E678F0C2260E4B800175F42 /* Models */,
				1E678EFA2260E3D400175F42 /* AppDelegate.swift */,
				1E678F012260E3D700175F42 /* Assets.xcassets */,
				1E678F062260E3D700175F42 /* Info.plist */,
			);
			path = TrailerApp500729493;
			sourceTree = "<group>";
		};
		1E678F0C2260E4B800175F42 /* Models */ = {
			isa = PBXGroup;
			children = (
				1E678F162260EDC900175F42 /* Movie.swift */,
			);
			path = Models;
			sourceTree = "<group>";
		};
		1E678F0D2260E4C200175F42 /* Views */ = {
			isa = PBXGroup;
			children = (
				1E678EFE2260E3D400175F42 /* Main.storyboard */,
				1E678F032260E3D700175F42 /* LaunchScreen.storyboard */,
				1E678F0F2260E5B000175F42 /* CustomCellView */,
			);
			path = Views;
			sourceTree = "<group>";
		};
		1E678F0E2260E4C900175F42 /* Controllers */ = {
			isa = PBXGroup;
			children = (
				1E678EFC2260E3D400175F42 /* ViewController.swift */,
				1EAF2CA6227F0688001AE5CC /* SpinnerController.swift */,
			);
			path = Controllers;
			sourceTree = "<group>";
		};
		1E678F0F2260E5B000175F42 /* CustomCellView */ = {
			isa = PBXGroup;
			children = (
				1E678F102260E60000175F42 /* CustomCellView.swift */,
				1E678F122260E61900175F42 /* CustomCellView.xib */,
			);
			path = CustomCellView;
			sourceTree = "<group>";
		};
		6446F62475FF649D0AA2A7CC /* Pods */ = {
			isa = PBXGroup;
			children = (
				010C9702BBAD866777F06318 /* Pods-TrailerApp500729493.debug.xcconfig */,
				9137BD1BACE05ECB30A5EDFE /* Pods-TrailerApp500729493.release.xcconfig */,
			);
			path = Pods;
			sourceTree = "<group>";
		};
		D47F7671CB5C6D1F1972AC97 /* Frameworks */ = {
			isa = PBXGroup;
			children = (
				53D0EEEA5AE46BA2F67125C7 /* Pods_TrailerApp500729493.framework */,
			);
			name = Frameworks;
			sourceTree = "<group>";
		};
/* End PBXGroup section */

/* Begin PBXNativeTarget section */
		1E678EF62260E3D400175F42 /* TrailerApp500729493 */ = {
			isa = PBXNativeTarget;
			buildConfigurationList = 1E678F092260E3D700175F42 /* Build configuration list for PBXNativeTarget "TrailerApp500729493" */;
			buildPhases = (
				BEF17959ED2A7F6F8142051C /* [CP] Check Pods Manifest.lock */,
				1E678EF32260E3D400175F42 /* Sources */,
				1E678EF42260E3D400175F42 /* Frameworks */,
				1E678EF52260E3D400175F42 /* Resources */,
				C0075C137457BDE4B83C4735 /* [CP] Embed Pods Frameworks */,
			);
			buildRules = (
			);
			dependencies = (
			);
			name = TrailerApp500729493;
			productName = TrailerApp500729493;
			productReference = 1E678EF72260E3D400175F42 /* TrailerApp500729493.app */;
			productType = "com.apple.product-type.application";
		};
/* End PBXNativeTarget section */

/* Begin PBXProject section */
		1E678EEF2260E3D400175F42 /* Project object */ = {
			isa = PBXProject;
			attributes = {
				LastSwiftUpdateCheck = 1020;
				LastUpgradeCheck = 1020;
				ORGANIZATIONNAME = "Ilias Azagagh";
				TargetAttributes = {
					1E678EF62260E3D400175F42 = {
						CreatedOnToolsVersion = 10.2;
					};
				};
			};
			buildConfigurationList = 1E678EF22260E3D400175F42 /* Build configuration list for PBXProject "TrailerApp500729493" */;
			compatibilityVersion = "Xcode 9.3";
			developmentRegion = en;
			hasScannedForEncodings = 0;
			knownRegions = (
				en,
				Base,
			);
			mainGroup = 1E678EEE2260E3D400175F42;
			productRefGroup = 1E678EF82260E3D400175F42 /* Products */;
			projectDirPath = "";
			projectRoot = "";
			targets = (
				1E678EF62260E3D400175F42 /* TrailerApp500729493 */,
			);
		};
/* End PBXProject section */

/* Begin PBXResourcesBuildPhase section */
		1E678EF52260E3D400175F42 /* Resources */ = {
			isa = PBXResourcesBuildPhase;
			buildActionMask = 2147483647;
			files = (
				1E678F052260E3D700175F42 /* LaunchScreen.storyboard in Resources */,
				1E678F132260E61900175F42 /* CustomCellView.xib in Resources */,
				1E678F022260E3D700175F42 /* Assets.xcassets in Resources */,
				1E678F002260E3D400175F42 /* Main.storyboard in Resources */,
			);
			runOnlyForDeploymentPostprocessing = 0;
		};
/* End PBXResourcesBuildPhase section */

/* Begin PBXShellScriptBuildPhase section */
		BEF17959ED2A7F6F8142051C /* [CP] Check Pods Manifest.lock */ = {
			isa = PBXShellScriptBuildPhase;
			buildActionMask = 2147483647;
			files = (
			);
			inputFileListPaths = (
			);
			inputPaths = (
				"${PODS_PODFILE_DIR_PATH}/Podfile.lock",
				"${PODS_ROOT}/Manifest.lock",
			);
			name = "[CP] Check Pods Manifest.lock";
			outputFileListPaths = (
			);
			outputPaths = (
				"$(DERIVED_FILE_DIR)/Pods-TrailerApp500729493-checkManifestLockResult.txt",
			);
			runOnlyForDeploymentPostprocessing = 0;
			shellPath = /bin/sh;
			shellScript = "diff \"${PODS_PODFILE_DIR_PATH}/Podfile.lock\" \"${PODS_ROOT}/Manifest.lock\" > /dev/null\nif [ $? != 0 ] ; then\n    # print error to STDERR\n    echo \"error: The sandbox is not in sync with the Podfile.lock. Run 'pod install' or update your CocoaPods installation.\" >&2\n    exit 1\nfi\n# This output is used by Xcode 'outputs' to avoid re-running this script phase.\necho \"SUCCESS\" > \"${SCRIPT_OUTPUT_FILE_0}\"\n";
			showEnvVarsInLog = 0;
		};
		C0075C137457BDE4B83C4735 /* [CP] Embed Pods Frameworks */ = {
			isa = PBXShellScriptBuildPhase;
			buildActionMask = 2147483647;
			files = (
			);
			inputFileListPaths = (
			);
			inputPaths = (
				"${PODS_ROOT}/Target Support Files/Pods-TrailerApp500729493/Pods-TrailerApp500729493-frameworks.sh",
				"${BUILT_PRODUCTS_DIR}/Alamofire/Alamofire.framework",
				"${BUILT_PRODUCTS_DIR}/Kingfisher/Kingfisher.framework",
			);
			name = "[CP] Embed Pods Frameworks";
			outputFileListPaths = (
			);
			outputPaths = (
				"${TARGET_BUILD_DIR}/${FRAMEWORKS_FOLDER_PATH}/Alamofire.framework",
				"${TARGET_BUILD_DIR}/${FRAMEWORKS_FOLDER_PATH}/Kingfisher.framework",
			);
			runOnlyForDeploymentPostprocessing = 0;
			shellPath = /bin/sh;
			shellScript = "\"${PODS_ROOT}/Target Support Files/Pods-TrailerApp500729493/Pods-TrailerApp500729493-frameworks.sh\"\n";
			showEnvVarsInLog = 0;
		};
/* End PBXShellScriptBuildPhase section */

/* Begin PBXSourcesBuildPhase section */
		1E678EF32260E3D400175F42 /* Sources */ = {
			isa = PBXSourcesBuildPhase;
			buildActionMask = 2147483647;
			files = (
				1E678EFD2260E3D400175F42 /* ViewController.swift in Sources */,
				1E678F112260E60000175F42 /* CustomCellView.swift in Sources */,
				1E678F172260EDC900175F42 /* Movie.swift in Sources */,
				1E678EFB2260E3D400175F42 /* AppDelegate.swift in Sources */,
				1EAF2CA7227F0688001AE5CC /* SpinnerController.swift in Sources */,
			);
			runOnlyForDeploymentPostprocessing = 0;
		};
/* End PBXSourcesBuildPhase section */

/* Begin PBXVariantGroup section */
		1E678EFE2260E3D400175F42 /* Main.storyboard */ = {
			isa = PBXVariantGroup;
			children = (
				1E678EFF2260E3D400175F42 /* Base */,
			);
			name = Main.storyboard;
			sourceTree = "<group>";
		};
		1E678F032260E3D700175F42 /* LaunchScreen.storyboard */ = {
			isa = PBXVariantGroup;
			children = (
				1E678F042260E3D700175F42 /* Base */,
			);
			name = LaunchScreen.storyboard;
			sourceTree = "<group>";
		};
/* End PBXVariantGroup section */

/* Begin XCBuildConfiguration section */
		1E678F072260E3D700175F42 /* Debug */ = {
			isa = XCBuildConfiguration;
			buildSettings = {
				ALWAYS_SEARCH_USER_PATHS = NO;
				CLANG_ANALYZER_NONNULL = YES;
				CLANG_ANALYZER_NUMBER_OBJECT_CONVERSION = YES_AGGRESSIVE;
				CLANG_CXX_LANGUAGE_STANDARD = "gnu++14";
				CLANG_CXX_LIBRARY = "libc++";
				CLANG_ENABLE_MODULES = YES;
				CLANG_ENABLE_OBJC_ARC = YES;
				CLANG_ENABLE_OBJC_WEAK = YES;
				CLANG_WARN_BLOCK_CAPTURE_AUTORELEASING = YES;
				CLANG_WARN_BOOL_CONVERSION = YES;
				CLANG_WARN_COMMA = YES;
				CLANG_WARN_CONSTANT_CONVERSION = YES;
				CLANG_WARN_DEPRECATED_OBJC_IMPLEMENTATIONS = YES;
				CLANG_WARN_DIRECT_OBJC_ISA_USAGE = YES_ERROR;
				CLANG_WARN_DOCUMENTATION_COMMENTS = YES;
				CLANG_WARN_EMPTY_BODY = YES;
				CLANG_WARN_ENUM_CONVERSION = YES;
				CLANG_WARN_INFINITE_RECURSION = YES;
				CLANG_WARN_INT_CONVERSION = YES;
				CLANG_WARN_NON_LITERAL_NULL_CONVERSION = YES;
				CLANG_WARN_OBJC_IMPLICIT_RETAIN_SELF = YES;
				CLANG_WARN_OBJC_LITERAL_CONVERSION = YES;
				CLANG_WARN_OBJC_ROOT_CLASS = YES_ERROR;
				CLANG_WARN_RANGE_LOOP_ANALYSIS = YES;
				CLANG_WARN_STRICT_PROTOTYPES = YES;
				CLANG_WARN_SUSPICIOUS_MOVE = YES;
				CLANG_WARN_UNGUARDED_AVAILABILITY = YES_AGGRESSIVE;
				CLANG_WARN_UNREACHABLE_CODE = YES;
				CLANG_WARN__DUPLICATE_METHOD_MATCH = YES;
				CODE_SIGN_IDENTITY = "iPhone Developer";
				COPY_PHASE_STRIP = NO;
				DEBUG_INFORMATION_FORMAT = dwarf;
				ENABLE_STRICT_OBJC_MSGSEND = YES;
				ENABLE_TESTABILITY = YES;
				GCC_C_LANGUAGE_STANDARD = gnu11;
				GCC_DYNAMIC_NO_PIC = NO;
				GCC_NO_COMMON_BLOCKS = YES;
				GCC_OPTIMIZATION_LEVEL = 0;
				GCC_PREPROCESSOR_DEFINITIONS = (
					"DEBUG=1",
					"$(inherited)",
				);
				GCC_WARN_64_TO_32_BIT_CONVERSION = YES;
				GCC_WARN_ABOUT_RETURN_TYPE = YES_ERROR;
				GCC_WARN_UNDECLARED_SELECTOR = YES;
				GCC_WARN_UNINITIALIZED_AUTOS = YES_AGGRESSIVE;
				GCC_WARN_UNUSED_FUNCTION = YES;
				GCC_WARN_UNUSED_VARIABLE = YES;
				IPHONEOS_DEPLOYMENT_TARGET = 12.2;
				MTL_ENABLE_DEBUG_INFO = INCLUDE_SOURCE;
				MTL_FAST_MATH = YES;
				ONLY_ACTIVE_ARCH = YES;
				SDKROOT = iphoneos;
				SWIFT_ACTIVE_COMPILATION_CONDITIONS = DEBUG;
				SWIFT_OPTIMIZATION_LEVEL = "-Onone";
			};
			name = Debug;
		};
		1E678F082260E3D700175F42 /* Release */ = {
			isa = XCBuildConfiguration;
			buildSettings = {
				ALWAYS_SEARCH_USER_PATHS = NO;
				CLANG_ANALYZER_NONNULL = YES;
				CLANG_ANALYZER_NUMBER_OBJECT_CONVERSION = YES_AGGRESSIVE;
				CLANG_CXX_LANGUAGE_STANDARD = "gnu++14";
				CLANG_CXX_LIBRARY = "libc++";
				CLANG_ENABLE_MODULES = YES;
				CLANG_ENABLE_OBJC_ARC = YES;
				CLANG_ENABLE_OBJC_WEAK = YES;
				CLANG_WARN_BLOCK_CAPTURE_AUTORELEASING = YES;
				CLANG_WARN_BOOL_CONVERSION = YES;
				CLANG_WARN_COMMA = YES;
				CLANG_WARN_CONSTANT_CONVERSION = YES;
				CLANG_WARN_DEPRECATED_OBJC_IMPLEMENTATIONS = YES;
				CLANG_WARN_DIRECT_OBJC_ISA_USAGE = YES_ERROR;
				CLANG_WARN_DOCUMENTATION_COMMENTS = YES;
				CLANG_WARN_EMPTY_BODY = YES;
				CLANG_WARN_ENUM_CONVERSION = YES;
				CLANG_WARN_INFINITE_RECURSION = YES;
				CLANG_WARN_INT_CONVERSION = YES;
				CLANG_WARN_NON_LITERAL_NULL_CONVERSION = YES;
				CLANG_WARN_OBJC_IMPLICIT_RETAIN_SELF = YES;
				CLANG_WARN_OBJC_LITERAL_CONVERSION = YES;
				CLANG_WARN_OBJC_ROOT_CLASS = YES_ERROR;
				CLANG_WARN_RANGE_LOOP_ANALYSIS = YES;
				CLANG_WARN_STRICT_PROTOTYPES = YES;
				CLANG_WARN_SUSPICIOUS_MOVE = YES;
				CLANG_WARN_UNGUARDED_AVAILABILITY = YES_AGGRESSIVE;
				CLANG_WARN_UNREACHABLE_CODE = YES;
				CLANG_WARN__DUPLICATE_METHOD_MATCH = YES;
				CODE_SIGN_IDENTITY = "iPhone Developer";
				COPY_PHASE_STRIP = NO;
				DEBUG_INFORMATION_FORMAT = "dwarf-with-dsym";
				ENABLE_NS_ASSERTIONS = NO;
				ENABLE_STRICT_OBJC_MSGSEND = YES;
				GCC_C_LANGUAGE_STANDARD = gnu11;
				GCC_NO_COMMON_BLOCKS = YES;
				GCC_WARN_64_TO_32_BIT_CONVERSION = YES;
				GCC_WARN_ABOUT_RETURN_TYPE = YES_ERROR;
				GCC_WARN_UNDECLARED_SELECTOR = YES;
				GCC_WARN_UNINITIALIZED_AUTOS = YES_AGGRESSIVE;
				GCC_WARN_UNUSED_FUNCTION = YES;
				GCC_WARN_UNUSED_VARIABLE = YES;
				IPHONEOS_DEPLOYMENT_TARGET = 12.2;
				MTL_ENABLE_DEBUG_INFO = NO;
				MTL_FAST_MATH = YES;
				SDKROOT = iphoneos;
				SWIFT_COMPILATION_MODE = wholemodule;
				SWIFT_OPTIMIZATION_LEVEL = "-O";
				VALIDATE_PRODUCT = YES;
			};
			name = Release;
		};
		1E678F0A2260E3D700175F42 /* Debug */ = {
			isa = XCBuildConfiguration;
			baseConfigurationReference = 010C9702BBAD866777F06318 /* Pods-TrailerApp500729493.debug.xcconfig */;
			buildSettings = {
				ASSETCATALOG_COMPILER_APPICON_NAME = AppIcon;
				CODE_SIGN_STYLE = Automatic;
				DEVELOPMENT_TEAM = PX5PD342UN;
				INFOPLIST_FILE = TrailerApp500729493/Info.plist;
				LD_RUNPATH_SEARCH_PATHS = (
					"$(inherited)",
					"@executable_path/Frameworks",
				);
				PRODUCT_BUNDLE_IDENTIFIER = com.azagagh.ilias.TrailerApp500729493;
				PRODUCT_NAME = "$(TARGET_NAME)";
				SWIFT_VERSION = 5.0;
				TARGETED_DEVICE_FAMILY = "1,2";
			};
			name = Debug;
		};
		1E678F0B2260E3D700175F42 /* Release */ = {
			isa = XCBuildConfiguration;
			baseConfigurationReference = 9137BD1BACE05ECB30A5EDFE /* Pods-TrailerApp500729493.release.xcconfig */;
			buildSettings = {
				ASSETCATALOG_COMPILER_APPICON_NAME = AppIcon;
				CODE_SIGN_STYLE = Automatic;
				DEVELOPMENT_TEAM = PX5PD342UN;
				INFOPLIST_FILE = TrailerApp500729493/Info.plist;
				LD_RUNPATH_SEARCH_PATHS = (
					"$(inherited)",
					"@executable_path/Frameworks",
				);
				PRODUCT_BUNDLE_IDENTIFIER = com.azagagh.ilias.TrailerApp500729493;
				PRODUCT_NAME = "$(TARGET_NAME)";
				SWIFT_VERSION = 5.0;
				TARGETED_DEVICE_FAMILY = "1,2";
			};
			name = Release;
		};
/* End XCBuildConfiguration section */

/* Begin XCConfigurationList section */
		1E678EF22260E3D400175F42 /* Build configuration list for PBXProject "TrailerApp500729493" */ = {
			isa = XCConfigurationList;
			buildConfigurations = (
				1E678F072260E3D700175F42 /* Debug */,
				1E678F082260E3D700175F42 /* Release */,
			);
			defaultConfigurationIsVisible = 0;
			defaultConfigurationName = Release;
		};
		1E678F092260E3D700175F42 /* Build configuration list for PBXNativeTarget "TrailerApp500729493" */ = {
			isa = XCConfigurationList;
			buildConfigurations = (
				1E678F0A2260E3D700175F42 /* Debug */,
				1E678F0B2260E3D700175F42 /* Release */,
			);
			defaultConfigurationIsVisible = 0;
			defaultConfigurationName = Release;
		};
/* End XCConfigurationList section */
	};
	rootObject = 1E678EEF2260E3D400175F42 /* Project object */;
}
